// !$*UTF8*$!
{
	archiveVersion = 1;
	classes = {
	};
	objectVersion = 50;
	objects = {

/* Begin PBXBuildFile section */
		F44D0BB7227E7BB100957714 /* Item.swift in Sources */ = {isa = PBXBuildFile; fileRef = F44D0BB6227E7BB100957714 /* Item.swift */; };
		F4E0CD8C227BD0510052796C /* AppDelegate.swift in Sources */ = {isa = PBXBuildFile; fileRef = F4E0CD8B227BD0510052796C /* AppDelegate.swift */; };
		F4E0CD8E227BD0510052796C /* ToDoListViewController.swift in Sources */ = {isa = PBXBuildFile; fileRef = F4E0CD8D227BD0510052796C /* ToDoListViewController.swift */; };
		F4E0CD91227BD0510052796C /* Main.storyboard in Resources */ = {isa = PBXBuildFile; fileRef = F4E0CD8F227BD0510052796C /* Main.storyboard */; };
		F4E0CD93227BD0520052796C /* Assets.xcassets in Resources */ = {isa = PBXBuildFile; fileRef = F4E0CD92227BD0520052796C /* Assets.xcassets */; };
		F4E0CD96227BD0520052796C /* LaunchScreen.storyboard in Resources */ = {isa = PBXBuildFile; fileRef = F4E0CD94227BD0520052796C /* LaunchScreen.storyboard */; };
/* End PBXBuildFile section */

/* Begin PBXFileReference section */
		F44D0BB6227E7BB100957714 /* Item.swift */ = {isa = PBXFileReference; lastKnownFileType = sourcecode.swift; path = Item.swift; sourceTree = "<group>"; };
		F4E0CD88227BD0510052796C /* ToDoei.app */ = {isa = PBXFileReference; explicitFileType = wrapper.application; includeInIndex = 0; path = ToDoei.app; sourceTree = BUILT_PRODUCTS_DIR; };
		F4E0CD8B227BD0510052796C /* AppDelegate.swift */ = {isa = PBXFileReference; lastKnownFileType = sourcecode.swift; path = AppDelegate.swift; sourceTree = "<group>"; };
		F4E0CD8D227BD0510052796C /* ToDoListViewController.swift */ = {isa = PBXFileReference; lastKnownFileType = sourcecode.swift; path = ToDoListViewController.swift; sourceTree = "<group>"; };
		F4E0CD90227BD0510052796C /* Base */ = {isa = PBXFileReference; lastKnownFileType = file.storyboard; name = Base; path = Base.lproj/Main.storyboard; sourceTree = "<group>"; };
		F4E0CD92227BD0520052796C /* Assets.xcassets */ = {isa = PBXFileReference; lastKnownFileType = folder.assetcatalog; path = Assets.xcassets; sourceTree = "<group>"; };
		F4E0CD95227BD0520052796C /* Base */ = {isa = PBXFileReference; lastKnownFileType = file.storyboard; name = Base; path = Base.lproj/LaunchScreen.storyboard; sourceTree = "<group>"; };
		F4E0CD97227BD0520052796C /* Info.plist */ = {isa = PBXFileReference; lastKnownFileType = text.plist.xml; path = Info.plist; sourceTree = "<group>"; };
/* End PBXFileReference section */

/* Begin PBXFrameworksBuildPhase section */
		F4E0CD85227BD0510052796C /* Frameworks */ = {
			isa = PBXFrameworksBuildPhase;
			buildActionMask = 2147483647;
			files = (
			);
			runOnlyForDeploymentPostprocessing = 0;
		};
/* End PBXFrameworksBuildPhase section */

/* Begin PBXGroup section */
		F44D0BB8227E7BC100957714 /* Data Model */ = {
			isa = PBXGroup;
			children = (
				F44D0BB6227E7BB100957714 /* Item.swift */,
			);
			path = "Data Model";
			sourceTree = "<group>";
		};
		F44D0BB9227E7BEA00957714 /* Controllers */ = {
			isa = PBXGroup;
			children = (
				F4E0CD8D227BD0510052796C /* ToDoListViewController.swift */,
			);
			path = Controllers;
			sourceTree = "<group>";
		};
		F44D0BBA227E7BFF00957714 /* Views */ = {
			isa = PBXGroup;
			children = (
				F4E0CD8F227BD0510052796C /* Main.storyboard */,
			);
			path = Views;
			sourceTree = "<group>";
		};
		F44D0BBB227E7C1500957714 /* Supporting Files */ = {
			isa = PBXGroup;
			children = (
				F4E0CD92227BD0520052796C /* Assets.xcassets */,
				F4E0CD94227BD0520052796C /* LaunchScreen.storyboard */,
			);
			path = "Supporting Files";
			sourceTree = "<group>";
		};
		F4E0CD7F227BD0510052796C = {
			isa = PBXGroup;
			children = (
				F4E0CD8A227BD0510052796C /* ToDoei */,
				F4E0CD89227BD0510052796C /* Products */,
			);
			sourceTree = "<group>";
		};
		F4E0CD89227BD0510052796C /* Products */ = {
			isa = PBXGroup;
			children = (
				F4E0CD88227BD0510052796C /* ToDoei.app */,
			);
			name = Products;
			sourceTree = "<group>";
		};
		F4E0CD8A227BD0510052796C /* ToDoei */ = {
			isa = PBXGroup;
			children = (
				F4E0CD8B227BD0510052796C /* AppDelegate.swift */,
				F44D0BB8227E7BC100957714 /* Data Model */,
				F44D0BB9227E7BEA00957714 /* Controllers */,
				F44D0BBA227E7BFF00957714 /* Views */,
				F44D0BBB227E7C1500957714 /* Supporting Files */,
				F4E0CD97227BD0520052796C /* Info.plist */,
			);
			path = ToDoei;
			sourceTree = "<group>";
		};
/* End PBXGroup section */

/* Begin PBXNativeTarget section */
		F4E0CD87227BD0510052796C /* ToDoei */ = {
			isa = PBXNativeTarget;
			buildConfigurationList = F4E0CD9A227BD0520052796C /* Build configuration list for PBXNativeTarget "ToDoei" */;
			buildPhases = (
				F4E0CD84227BD0510052796C /* Sources */,
				F4E0CD85227BD0510052796C /* Frameworks */,
				F4E0CD86227BD0510052796C /* Resources */,
			);
			buildRules = (
			);
			dependencies = (
			);
			name = ToDoei;
			productName = ToDoei;
			productReference = F4E0CD88227BD0510052796C /* ToDoei.app */;
			productType = "com.apple.product-type.application";
		};
/* End PBXNativeTarget section */

/* Begin PBXProject section */
		F4E0CD80227BD0510052796C /* Project object */ = {
			isa = PBXProject;
			attributes = {
				LastSwiftUpdateCheck = 1020;
				LastUpgradeCheck = 1020;
				ORGANIZATIONNAME = "Searatic Consulting Technologies, LLC";
				TargetAttributes = {
					F4E0CD87227BD0510052796C = {
						CreatedOnToolsVersion = 10.2.1;
					};
				};
			};
			buildConfigurationList = F4E0CD83227BD0510052796C /* Build configuration list for PBXProject "ToDoei" */;
			compatibilityVersion = "Xcode 9.3";
			developmentRegion = en;
			hasScannedForEncodings = 0;
			knownRegions = (
				en,
				Base,
			);
			mainGroup = F4E0CD7F227BD0510052796C;
			productRefGroup = F4E0CD89227BD0510052796C /* Products */;
			projectDirPath = "";
			projectRoot = "";
			targets = (
				F4E0CD87227BD0510052796C /* ToDoei */,
			);
		};
/* End PBXProject section */

/* Begin PBXResourcesBuildPhase section */
		F4E0CD86227BD0510052796C /* Resources */ = {
			isa = PBXResourcesBuildPhase;
			buildActionMask = 2147483647;
			files = (
				F4E0CD96227BD0520052796C /* LaunchScreen.storyboard in Resources */,
				F4E0CD93227BD0520052796C /* Assets.xcassets in Resources */,
				F4E0CD91227BD0510052796C /* Main.storyboard in Resources */,
			);
			runOnlyForDeploymentPostprocessing = 0;
		};
/* End PBXResourcesBuildPhase section */

/* Begin PBXSourcesBuildPhase section */
		F4E0CD84227BD0510052796C /* Sources */ = {
			isa = PBXSourcesBuildPhase;
			buildActionMask = 2147483647;
			files = (
				F4E0CD8E227BD0510052796C /* ToDoListViewController.swift in Sources */,
				F44D0BB7227E7BB100957714 /* Item.swift in Sources */,
				F4E0CD8C227BD0510052796C /* AppDelegate.swift in Sources */,
			);
			runOnlyForDeploymentPostprocessing = 0;
		};
/* End PBXSourcesBuildPhase section */

/* Begin PBXVariantGroup section */
		F4E0CD8F227BD0510052796C /* Main.storyboard */ = {
			isa = PBXVariantGroup;
			children = (
				F4E0CD90227BD0510052796C /* Base */,
			);
			name = Main.storyboard;
			sourceTree = "<group>";
		};
		F4E0CD94227BD0520052796C /* LaunchScreen.storyboard */ = {
			isa = PBXVariantGroup;
			children = (
				F4E0CD95227BD0520052796C /* Base */,
			);
			name = LaunchScreen.storyboard;
			sourceTree = "<group>";
		};
/* End PBXVariantGroup section */

/* Begin XCBuildConfiguration section */
		F4E0CD98227BD0520052796C /* Debug */ = {
			isa = XCBuildConfiguration;
			buildSettings = {
				ALWAYS_SEARCH_USER_PATHS = NO;
				CLANG_ANALYZER_NONNULL = YES;
				CLANG_ANALYZER_NUMBER_OBJECT_CONVERSION = YES_AGGRESSIVE;
				CLANG_CXX_LANGUAGE_STANDARD = "gnu++14";
				CLANG_CXX_LIBRARY = "libc++";
				CLANG_ENABLE_MODULES = YES;
				CLANG_ENABLE_OBJC_ARC = YES;
				CLANG_ENABLE_OBJC_WEAK = YES;
				CLANG_WARN_BLOCK_CAPTURE_AUTORELEASING = YES;
				CLANG_WARN_BOOL_CONVERSION = YES;
				CLANG_WARN_COMMA = YES;
				CLANG_WARN_CONSTANT_CONVERSION = YES;
				CLANG_WARN_DEPRECATED_OBJC_IMPLEMENTATIONS = YES;
				CLANG_WARN_DIRECT_OBJC_ISA_USAGE = YES_ERROR;
				CLANG_WARN_DOCUMENTATION_COMMENTS = YES;
				CLANG_WARN_EMPTY_BODY = YES;
				CLANG_WARN_ENUM_CONVERSION = YES;
				CLANG_WARN_INFINITE_RECURSION = YES;
				CLANG_WARN_INT_CONVERSION = YES;
				CLANG_WARN_NON_LITERAL_NULL_CONVERSION = YES;
				CLANG_WARN_OBJC_IMPLICIT_RETAIN_SELF = YES;
				CLANG_WARN_OBJC_LITERAL_CONVERSION = YES;
				CLANG_WARN_OBJC_ROOT_CLASS = YES_ERROR;
				CLANG_WARN_RANGE_LOOP_ANALYSIS = YES;
				CLANG_WARN_STRICT_PROTOTYPES = YES;
				CLANG_WARN_SUSPICIOUS_MOVE = YES;
				CLANG_WARN_UNGUARDED_AVAILABILITY = YES_AGGRESSIVE;
				CLANG_WARN_UNREACHABLE_CODE = YES;
				CLANG_WARN__DUPLICATE_METHOD_MATCH = YES;
				CODE_SIGN_IDENTITY = "iPhone Developer";
				COPY_PHASE_STRIP = NO;
				DEBUG_INFORMATION_FORMAT = dwarf;
				ENABLE_STRICT_OBJC_MSGSEND = YES;
				ENABLE_TESTABILITY = YES;
				GCC_C_LANGUAGE_STANDARD = gnu11;
				GCC_DYNAMIC_NO_PIC = NO;
				GCC_NO_COMMON_BLOCKS = YES;
				GCC_OPTIMIZATION_LEVEL = 0;
				GCC_PREPROCESSOR_DEFINITIONS = (
					"DEBUG=1",
					"$(inherited)",
				);
				GCC_WARN_64_TO_32_BIT_CONVERSION = YES;
				GCC_WARN_ABOUT_RETURN_TYPE = YES_ERROR;
				GCC_WARN_UNDECLARED_SELECTOR = YES;
				GCC_WARN_UNINITIALIZED_AUTOS = YES_AGGRESSIVE;
				GCC_WARN_UNUSED_FUNCTION = YES;
				GCC_WARN_UNUSED_VARIABLE = YES;
				IPHONEOS_DEPLOYMENT_TARGET = 12.2;
				MTL_ENABLE_DEBUG_INFO = INCLUDE_SOURCE;
				MTL_FAST_MATH = YES;
				ONLY_ACTIVE_ARCH = YES;
				SDKROOT = iphoneos;
				SWIFT_ACTIVE_COMPILATION_CONDITIONS = DEBUG;
				SWIFT_OPTIMIZATION_LEVEL = "-Onone";
			};
			name = Debug;
		};
		F4E0CD99227BD0520052796C /* Release */ = {
			isa = XCBuildConfiguration;
			buildSettings = {
				ALWAYS_SEARCH_USER_PATHS = NO;
				CLANG_ANALYZER_NONNULL = YES;
				CLANG_ANALYZER_NUMBER_OBJECT_CONVERSION = YES_AGGRESSIVE;
				CLANG_CXX_LANGUAGE_STANDARD = "gnu++14";
				CLANG_CXX_LIBRARY = "libc++";
				CLANG_ENABLE_MODULES = YES;
				CLANG_ENABLE_OBJC_ARC = YES;
				CLANG_ENABLE_OBJC_WEAK = YES;
				CLANG_WARN_BLOCK_CAPTURE_AUTORELEASING = YES;
				CLANG_WARN_BOOL_CONVERSION = YES;
				CLANG_WARN_COMMA = YES;
				CLANG_WARN_CONSTANT_CONVERSION = YES;
				CLANG_WARN_DEPRECATED_OBJC_IMPLEMENTATIONS = YES;
				CLANG_WARN_DIRECT_OBJC_ISA_USAGE = YES_ERROR;
				CLANG_WARN_DOCUMENTATION_COMMENTS = YES;
				CLANG_WARN_EMPTY_BODY = YES;
				CLANG_WARN_ENUM_CONVERSION = YES;
				CLANG_WARN_INFINITE_RECURSION = YES;
				CLANG_WARN_INT_CONVERSION = YES;
				CLANG_WARN_NON_LITERAL_NULL_CONVERSION = YES;
				CLANG_WARN_OBJC_IMPLICIT_RETAIN_SELF = YES;
				CLANG_WARN_OBJC_LITERAL_CONVERSION = YES;
				CLANG_WARN_OBJC_ROOT_CLASS = YES_ERROR;
				CLANG_WARN_RANGE_LOOP_ANALYSIS = YES;
				CLANG_WARN_STRICT_PROTOTYPES = YES;
				CLANG_WARN_SUSPICIOUS_MOVE = YES;
				CLANG_WARN_UNGUARDED_AVAILABILITY = YES_AGGRESSIVE;
				CLANG_WARN_UNREACHABLE_CODE = YES;
				CLANG_WARN__DUPLICATE_METHOD_MATCH = YES;
				CODE_SIGN_IDENTITY = "iPhone Developer";
				COPY_PHASE_STRIP = NO;
				DEBUG_INFORMATION_FORMAT = "dwarf-with-dsym";
				ENABLE_NS_ASSERTIONS = NO;
				ENABLE_STRICT_OBJC_MSGSEND = YES;
				GCC_C_LANGUAGE_STANDARD = gnu11;
				GCC_NO_COMMON_BLOCKS = YES;
				GCC_WARN_64_TO_32_BIT_CONVERSION = YES;
				GCC_WARN_ABOUT_RETURN_TYPE = YES_ERROR;
				GCC_WARN_UNDECLARED_SELECTOR = YES;
				GCC_WARN_UNINITIALIZED_AUTOS = YES_AGGRESSIVE;
				GCC_WARN_UNUSED_FUNCTION = YES;
				GCC_WARN_UNUSED_VARIABLE = YES;
				IPHONEOS_DEPLOYMENT_TARGET = 12.2;
				MTL_ENABLE_DEBUG_INFO = NO;
				MTL_FAST_MATH = YES;
				SDKROOT = iphoneos;
				SWIFT_COMPILATION_MODE = wholemodule;
				SWIFT_OPTIMIZATION_LEVEL = "-O";
				VALIDATE_PRODUCT = YES;
			};
			name = Release;
		};
		F4E0CD9B227BD0520052796C /* Debug */ = {
			isa = XCBuildConfiguration;
			buildSettings = {
				ASSETCATALOG_COMPILER_APPICON_NAME = AppIcon;
				CODE_SIGN_STYLE = Automatic;
				DEVELOPMENT_TEAM = 39P73VN46F;
				INFOPLIST_FILE = ToDoei/Info.plist;
				IPHONEOS_DEPLOYMENT_TARGET = 10.0;
				LD_RUNPATH_SEARCH_PATHS = (
					"$(inherited)",
					"@executable_path/Frameworks",
				);
				PRODUCT_BUNDLE_IDENTIFIER = com.searatic.ToDoei;
				PRODUCT_NAME = "$(TARGET_NAME)";
				SWIFT_VERSION = 5.0;
				TARGETED_DEVICE_FAMILY = "1,2";
			};
			name = Debug;
		};
		F4E0CD9C227BD0520052796C /* Release */ = {
			isa = XCBuildConfiguration;
			buildSettings = {
				ASSETCATALOG_COMPILER_APPICON_NAME = AppIcon;
				CODE_SIGN_STYLE = Automatic;
				DEVELOPMENT_TEAM = 39P73VN46F;
				INFOPLIST_FILE = ToDoei/Info.plist;
				IPHONEOS_DEPLOYMENT_TARGET = 10.0;
				LD_RUNPATH_SEARCH_PATHS = (
					"$(inherited)",
					"@executable_path/Frameworks",
				);
				PRODUCT_BUNDLE_IDENTIFIER = com.searatic.ToDoei;
				PRODUCT_NAME = "$(TARGET_NAME)";
				SWIFT_VERSION = 5.0;
				TARGETED_DEVICE_FAMILY = "1,2";
			};
			name = Release;
		};
/* End XCBuildConfiguration section */

/* Begin XCConfigurationList section */
		F4E0CD83227BD0510052796C /* Build configuration list for PBXProject "ToDoei" */ = {
			isa = XCConfigurationList;
			buildConfigurations = (
				F4E0CD98227BD0520052796C /* Debug */,
				F4E0CD99227BD0520052796C /* Release */,
			);
			defaultConfigurationIsVisible = 0;
			defaultConfigurationName = Release;
		};
		F4E0CD9A227BD0520052796C /* Build configuration list for PBXNativeTarget "ToDoei" */ = {
			isa = XCConfigurationList;
			buildConfigurations = (
				F4E0CD9B227BD0520052796C /* Debug */,
				F4E0CD9C227BD0520052796C /* Release */,
			);
			defaultConfigurationIsVisible = 0;
			defaultConfigurationName = Release;
		};
/* End XCConfigurationList section */
	};
	rootObject = F4E0CD80227BD0510052796C /* Project object */;
}
